
Microsoft Visual Studio Solution File, Format Version 12.00
# Visual Studio Version 17
VisualStudioVersion = 17.8.34322.80
MinimumVisualStudioVersion = 10.0.40219.1
Project("{2150E333-8FDC-42A3-9474-1A3956D46DE8}") = "Solution Items", "Solution Items", "{33619CF5-36D8-45FE-94C6-7A65988A51ED}"
	ProjectSection(SolutionItems) = preProject
		docker-compose.yml = docker-compose.yml
	EndProjectSection
EndProject
Project("{9A19103F-16F7-4668-BE54-9A1E7A4F7556}") = "Disertatie_backend", "Disertatie_backend\Disertatie_backend.csproj", "{4F15D9E7-9666-4685-BFFB-554FCA490B50}"
EndProject
Global
	GlobalSection(SolutionConfigurationPlatforms) = preSolution
		Debug|Any CPU = Debug|Any CPU
		Release|Any CPU = Release|Any CPU
	EndGlobalSection
	GlobalSection(ProjectConfigurationPlatforms) = postSolution
		{4F15D9E7-9666-4685-BFFB-554FCA490B50}.Debug|Any CPU.ActiveCfg = Debug|Any CPU
		{4F15D9E7-9666-4685-BFFB-554FCA490B50}.Debug|Any CPU.Build.0 = Debug|Any CPU
		{4F15D9E7-9666-4685-BFFB-554FCA490B50}.Release|Any CPU.ActiveCfg = Release|Any CPU
		{4F15D9E7-9666-4685-BFFB-554FCA490B50}.Release|Any CPU.Build.0 = Release|Any CPU
	EndGlobalSection
	GlobalSection(SolutionProperties) = preSolution
		HideSolutionNode = FALSE
	EndGlobalSection
	GlobalSection(ExtensibilityGlobals) = postSolution
		SolutionGuid = {4E80A39C-74B9-4C1C-9B2E-AB1052773AB1}
	EndGlobalSection
EndGlobal
